
Microsoft Visual Studio Solution File, Format Version 12.00
# Visual Studio Version 16
VisualStudioVersion = 16.0.30523.141
MinimumVisualStudioVersion = 10.0.40219.1
Project("{FAE04EC0-301F-11D3-BF4B-00C04F79EFBC}") = "PresentationLayer", "PresentationLayer\PresentationLayer.csproj", "{8F4F54AF-927C-4701-8529-3964C9298F3A}"
	ProjectSection(ProjectDependencies) = postProject
		{775C49B1-35DA-448F-A1BE-4DCC5098173A} = {775C49B1-35DA-448F-A1BE-4DCC5098173A}
		{968E9AB4-BB14-4604-BF33-B50326A1201B} = {968E9AB4-BB14-4604-BF33-B50326A1201B}
		{149106E7-8028-4223-A187-6ADB71B6C8BD} = {149106E7-8028-4223-A187-6ADB71B6C8BD}
	EndProjectSection
EndProject
Project("{FAE04EC0-301F-11D3-BF4B-00C04F79EFBC}") = "InfrastructureLayer", "InfrastructureLayer\InfrastructureLayer.csproj", "{149106E7-8028-4223-A187-6ADB71B6C8BD}"
EndProject
Project("{FAE04EC0-301F-11D3-BF4B-00C04F79EFBC}") = "DataAccessLayer", "DataAccessLayer\DataAccessLayer.csproj", "{968E9AB4-BB14-4604-BF33-B50326A1201B}"
	ProjectSection(ProjectDependencies) = postProject
		{149106E7-8028-4223-A187-6ADB71B6C8BD} = {149106E7-8028-4223-A187-6ADB71B6C8BD}
	EndProjectSection
EndProject
Project("{FAE04EC0-301F-11D3-BF4B-00C04F79EFBC}") = "BusinessAccessLayer", "BusinessAccessLayer\BusinessAccessLayer.csproj", "{775C49B1-35DA-448F-A1BE-4DCC5098173A}"
	ProjectSection(ProjectDependencies) = postProject
		{968E9AB4-BB14-4604-BF33-B50326A1201B} = {968E9AB4-BB14-4604-BF33-B50326A1201B}
		{149106E7-8028-4223-A187-6ADB71B6C8BD} = {149106E7-8028-4223-A187-6ADB71B6C8BD}
	EndProjectSection
EndProject
Global
	GlobalSection(SolutionConfigurationPlatforms) = preSolution
		Debug|Any CPU = Debug|Any CPU
		Release|Any CPU = Release|Any CPU
	EndGlobalSection
	GlobalSection(ProjectConfigurationPlatforms) = postSolution
		{8F4F54AF-927C-4701-8529-3964C9298F3A}.Debug|Any CPU.ActiveCfg = Debug|Any CPU
		{8F4F54AF-927C-4701-8529-3964C9298F3A}.Debug|Any CPU.Build.0 = Debug|Any CPU
		{8F4F54AF-927C-4701-8529-3964C9298F3A}.Release|Any CPU.ActiveCfg = Release|Any CPU
		{8F4F54AF-927C-4701-8529-3964C9298F3A}.Release|Any CPU.Build.0 = Release|Any CPU
		{149106E7-8028-4223-A187-6ADB71B6C8BD}.Debug|Any CPU.ActiveCfg = Debug|Any CPU
		{149106E7-8028-4223-A187-6ADB71B6C8BD}.Debug|Any CPU.Build.0 = Debug|Any CPU
		{149106E7-8028-4223-A187-6ADB71B6C8BD}.Release|Any CPU.ActiveCfg = Release|Any CPU
		{149106E7-8028-4223-A187-6ADB71B6C8BD}.Release|Any CPU.Build.0 = Release|Any CPU
		{968E9AB4-BB14-4604-BF33-B50326A1201B}.Debug|Any CPU.ActiveCfg = Debug|Any CPU
		{968E9AB4-BB14-4604-BF33-B50326A1201B}.Debug|Any CPU.Build.0 = Debug|Any CPU
		{968E9AB4-BB14-4604-BF33-B50326A1201B}.Release|Any CPU.ActiveCfg = Release|Any CPU
		{968E9AB4-BB14-4604-BF33-B50326A1201B}.Release|Any CPU.Build.0 = Release|Any CPU
		{775C49B1-35DA-448F-A1BE-4DCC5098173A}.Debug|Any CPU.ActiveCfg = Debug|Any CPU
		{775C49B1-35DA-448F-A1BE-4DCC5098173A}.Debug|Any CPU.Build.0 = Debug|Any CPU
		{775C49B1-35DA-448F-A1BE-4DCC5098173A}.Release|Any CPU.ActiveCfg = Release|Any CPU
		{775C49B1-35DA-448F-A1BE-4DCC5098173A}.Release|Any CPU.Build.0 = Release|Any CPU
	EndGlobalSection
	GlobalSection(SolutionProperties) = preSolution
		HideSolutionNode = FALSE
	EndGlobalSection
	GlobalSection(ExtensibilityGlobals) = postSolution
		SolutionGuid = {17BBCAFB-5A6E-4397-AFEF-F03E7EC653FD}
	EndGlobalSection
EndGlobal
