
Microsoft Visual Studio Solution File, Format Version 12.00
# Visual Studio Version 16
VisualStudioVersion = 16.0.30523.141
MinimumVisualStudioVersion = 10.0.40219.1
Project("{9A19103F-16F7-4668-BE54-9A1E7A4F7556}") = "PresentationLayer", "PresentationLayer\PresentationLayer.csproj", "{8F4F54AF-927C-4701-8529-3964C9298F3A}"
EndProject
Project("{FAE04EC0-301F-11D3-BF4B-00C04F79EFBC}") = "DataAccessLayer", "DataAccessLayer\DataAccessLayer.csproj", "{FC66A168-2E65-418F-BB90-384B02984374}"
EndProject
Project("{FAE04EC0-301F-11D3-BF4B-00C04F79EFBC}") = "BusinessAccessLayer", "BusinessAccessLayer\BusinessAccessLayer.csproj", "{9DCB6205-6BBB-4146-BA78-F2125BA72F2D}"
EndProject
Project("{FAE04EC0-301F-11D3-BF4B-00C04F79EFBC}") = "InfrastructureLayer", "InfrastructureLayer\InfrastructureLayer.csproj", "{636E5167-08FA-4F33-92BE-088E54C3842D}"
EndProject
Global
	GlobalSection(SolutionConfigurationPlatforms) = preSolution
		Debug|Any CPU = Debug|Any CPU
		Release|Any CPU = Release|Any CPU
	EndGlobalSection
	GlobalSection(ProjectConfigurationPlatforms) = postSolution
		{8F4F54AF-927C-4701-8529-3964C9298F3A}.Debug|Any CPU.ActiveCfg = Debug|Any CPU
		{8F4F54AF-927C-4701-8529-3964C9298F3A}.Debug|Any CPU.Build.0 = Debug|Any CPU
		{8F4F54AF-927C-4701-8529-3964C9298F3A}.Release|Any CPU.ActiveCfg = Release|Any CPU
		{8F4F54AF-927C-4701-8529-3964C9298F3A}.Release|Any CPU.Build.0 = Release|Any CPU
		{FC66A168-2E65-418F-BB90-384B02984374}.Debug|Any CPU.ActiveCfg = Debug|Any CPU
		{FC66A168-2E65-418F-BB90-384B02984374}.Debug|Any CPU.Build.0 = Debug|Any CPU
		{FC66A168-2E65-418F-BB90-384B02984374}.Release|Any CPU.ActiveCfg = Release|Any CPU
		{FC66A168-2E65-418F-BB90-384B02984374}.Release|Any CPU.Build.0 = Release|Any CPU
		{9DCB6205-6BBB-4146-BA78-F2125BA72F2D}.Debug|Any CPU.ActiveCfg = Debug|Any CPU
		{9DCB6205-6BBB-4146-BA78-F2125BA72F2D}.Debug|Any CPU.Build.0 = Debug|Any CPU
		{9DCB6205-6BBB-4146-BA78-F2125BA72F2D}.Release|Any CPU.ActiveCfg = Release|Any CPU
		{9DCB6205-6BBB-4146-BA78-F2125BA72F2D}.Release|Any CPU.Build.0 = Release|Any CPU
		{636E5167-08FA-4F33-92BE-088E54C3842D}.Debug|Any CPU.ActiveCfg = Debug|Any CPU
		{636E5167-08FA-4F33-92BE-088E54C3842D}.Debug|Any CPU.Build.0 = Debug|Any CPU
		{636E5167-08FA-4F33-92BE-088E54C3842D}.Release|Any CPU.ActiveCfg = Release|Any CPU
		{636E5167-08FA-4F33-92BE-088E54C3842D}.Release|Any CPU.Build.0 = Release|Any CPU
	EndGlobalSection
	GlobalSection(SolutionProperties) = preSolution
		HideSolutionNode = FALSE
	EndGlobalSection
	GlobalSection(ExtensibilityGlobals) = postSolution
		SolutionGuid = {17BBCAFB-5A6E-4397-AFEF-F03E7EC653FD}
	EndGlobalSection
EndGlobal
